
Microsoft Visual Studio Solution File, Format Version 12.00
# Visual Studio 15
VisualStudioVersion = 15.0.28307.438
MinimumVisualStudioVersion = 10.0.40219.1
Project("{9A19103F-16F7-4668-BE54-9A1E7A4F7556}") = "FIECS.Core", "FIECS.Core\FIECS.Core.csproj", "{61EC604A-8DD9-4F6C-BE9C-37579D926E89}"
EndProject
Project("{9A19103F-16F7-4668-BE54-9A1E7A4F7556}") = "FIECS.Attributes", "FIECS.Attributes\FIECS.Attributes.csproj", "{039AFC92-7F9F-4AFA-BD65-CD9FE33D14FE}"
EndProject
Project("{9A19103F-16F7-4668-BE54-9A1E7A4F7556}") = "FIECS.CodeGenerations", "FIECS.CodeGeneration\FIECS.CodeGenerations.csproj", "{A82D51BF-9DCB-40A4-ADE3-43CB7008EE5B}"
EndProject
Global
	GlobalSection(SolutionConfigurationPlatforms) = preSolution
		Debug|Any CPU = Debug|Any CPU
		Release|Any CPU = Release|Any CPU
	EndGlobalSection
	GlobalSection(ProjectConfigurationPlatforms) = postSolution
		{61EC604A-8DD9-4F6C-BE9C-37579D926E89}.Debug|Any CPU.ActiveCfg = Debug|Any CPU
		{61EC604A-8DD9-4F6C-BE9C-37579D926E89}.Debug|Any CPU.Build.0 = Debug|Any CPU
		{61EC604A-8DD9-4F6C-BE9C-37579D926E89}.Release|Any CPU.ActiveCfg = Release|Any CPU
		{61EC604A-8DD9-4F6C-BE9C-37579D926E89}.Release|Any CPU.Build.0 = Release|Any CPU
		{039AFC92-7F9F-4AFA-BD65-CD9FE33D14FE}.Debug|Any CPU.ActiveCfg = Debug|Any CPU
		{039AFC92-7F9F-4AFA-BD65-CD9FE33D14FE}.Debug|Any CPU.Build.0 = Debug|Any CPU
		{039AFC92-7F9F-4AFA-BD65-CD9FE33D14FE}.Release|Any CPU.ActiveCfg = Release|Any CPU
		{039AFC92-7F9F-4AFA-BD65-CD9FE33D14FE}.Release|Any CPU.Build.0 = Release|Any CPU
		{A82D51BF-9DCB-40A4-ADE3-43CB7008EE5B}.Debug|Any CPU.ActiveCfg = Debug|Any CPU
		{A82D51BF-9DCB-40A4-ADE3-43CB7008EE5B}.Debug|Any CPU.Build.0 = Debug|Any CPU
		{A82D51BF-9DCB-40A4-ADE3-43CB7008EE5B}.Release|Any CPU.ActiveCfg = Release|Any CPU
		{A82D51BF-9DCB-40A4-ADE3-43CB7008EE5B}.Release|Any CPU.Build.0 = Release|Any CPU
	EndGlobalSection
	GlobalSection(SolutionProperties) = preSolution
		HideSolutionNode = FALSE
	EndGlobalSection
	GlobalSection(ExtensibilityGlobals) = postSolution
		SolutionGuid = {87E521EE-99EA-4BD7-8B03-126D5444C82D}
	EndGlobalSection
EndGlobal
