
Microsoft Visual Studio Solution File, Format Version 12.00
# Visual Studio 15
VisualStudioVersion = 15.0.28307.438
MinimumVisualStudioVersion = 10.0.40219.1
Project("{9A19103F-16F7-4668-BE54-9A1E7A4F7556}") = "FIECS.Core", "FIECS.Core\FIECS.Core.csproj", "{61EC604A-8DD9-4F6C-BE9C-37579D926E89}"
EndProject
Project("{9A19103F-16F7-4668-BE54-9A1E7A4F7556}") = "FIECS.Core.UnitTests", "FIECS.Core.UnitTests\FIECS.Core.UnitTests.csproj", "{4479570C-0C2B-4724-B2E4-1A6AE4B59AFC}"
EndProject
Project("{2150E333-8FDC-42A3-9474-1A3956D46DE8}") = "UnitTests", "UnitTests", "{9D54BFF9-0EEF-44D2-A314-6A007421F6CC}"
EndProject
Global
	GlobalSection(SolutionConfigurationPlatforms) = preSolution
		Debug|Any CPU = Debug|Any CPU
		Release|Any CPU = Release|Any CPU
	EndGlobalSection
	GlobalSection(ProjectConfigurationPlatforms) = postSolution
		{61EC604A-8DD9-4F6C-BE9C-37579D926E89}.Debug|Any CPU.ActiveCfg = Debug|Any CPU
		{61EC604A-8DD9-4F6C-BE9C-37579D926E89}.Debug|Any CPU.Build.0 = Debug|Any CPU
		{61EC604A-8DD9-4F6C-BE9C-37579D926E89}.Release|Any CPU.ActiveCfg = Release|Any CPU
		{61EC604A-8DD9-4F6C-BE9C-37579D926E89}.Release|Any CPU.Build.0 = Release|Any CPU
		{4479570C-0C2B-4724-B2E4-1A6AE4B59AFC}.Debug|Any CPU.ActiveCfg = Debug|Any CPU
		{4479570C-0C2B-4724-B2E4-1A6AE4B59AFC}.Debug|Any CPU.Build.0 = Debug|Any CPU
		{4479570C-0C2B-4724-B2E4-1A6AE4B59AFC}.Release|Any CPU.ActiveCfg = Release|Any CPU
		{4479570C-0C2B-4724-B2E4-1A6AE4B59AFC}.Release|Any CPU.Build.0 = Release|Any CPU
	EndGlobalSection
	GlobalSection(SolutionProperties) = preSolution
		HideSolutionNode = FALSE
	EndGlobalSection
	GlobalSection(NestedProjects) = preSolution
		{4479570C-0C2B-4724-B2E4-1A6AE4B59AFC} = {9D54BFF9-0EEF-44D2-A314-6A007421F6CC}
	EndGlobalSection
	GlobalSection(ExtensibilityGlobals) = postSolution
		SolutionGuid = {87E521EE-99EA-4BD7-8B03-126D5444C82D}
	EndGlobalSection
EndGlobal
